// !$*UTF8*$!
{
	archiveVersion = 1;
	classes = {
	};
	objectVersion = 56;
	objects = {

/* Begin PBXBuildFile section */
		D91CA7D02B2C25C400263266 /* GameButton.swift in Sources */ = {isa = PBXBuildFile; fileRef = D91CA7CF2B2C25C400263266 /* GameButton.swift */; };
		D91CA7D22B2C275B00263266 /* HARRYP__.TTF in Resources */ = {isa = PBXBuildFile; fileRef = D91CA7D12B2C275B00263266 /* HARRYP__.TTF */; };
		D91CA7D42B2DBAFB00263266 /* HomeScreenButton.swift in Sources */ = {isa = PBXBuildFile; fileRef = D91CA7D32B2DBAFB00263266 /* HomeScreenButton.swift */; };
		D93239A02B32AEC6009DB51E /* SettingsVC.swift in Sources */ = {isa = PBXBuildFile; fileRef = D932399F2B32AEC6009DB51E /* SettingsVC.swift */; };
		D93239A12B32AEC6009DB51E /* SettingsVC.swift in Sources */ = {isa = PBXBuildFile; fileRef = D932399F2B32AEC6009DB51E /* SettingsVC.swift */; };
		D93239A22B32AEC6009DB51E /* SettingsVC.swift in Sources */ = {isa = PBXBuildFile; fileRef = D932399F2B32AEC6009DB51E /* SettingsVC.swift */; };
		D93239A32B32AEC6009DB51E /* SettingsVC.swift in Sources */ = {isa = PBXBuildFile; fileRef = D932399F2B32AEC6009DB51E /* SettingsVC.swift */; };
		D93239A42B32AEC6009DB51E /* SettingsVC.swift in Sources */ = {isa = PBXBuildFile; fileRef = D932399F2B32AEC6009DB51E /* SettingsVC.swift */; };
		D93239A52B32AEC6009DB51E /* SettingsVC.swift in Sources */ = {isa = PBXBuildFile; fileRef = D932399F2B32AEC6009DB51E /* SettingsVC.swift */; };
		D93239A82B32B2BB009DB51E /* BackButton.swift in Sources */ = {isa = PBXBuildFile; fileRef = D93239A72B32B2BB009DB51E /* BackButton.swift */; };
		D93239A92B32B2BB009DB51E /* BackButton.swift in Sources */ = {isa = PBXBuildFile; fileRef = D93239A72B32B2BB009DB51E /* BackButton.swift */; };
		D93239AA2B32B2BB009DB51E /* BackButton.swift in Sources */ = {isa = PBXBuildFile; fileRef = D93239A72B32B2BB009DB51E /* BackButton.swift */; };
		D93239AB2B32B2BB009DB51E /* BackButton.swift in Sources */ = {isa = PBXBuildFile; fileRef = D93239A72B32B2BB009DB51E /* BackButton.swift */; };
		D93239AC2B32B2BB009DB51E /* BackButton.swift in Sources */ = {isa = PBXBuildFile; fileRef = D93239A72B32B2BB009DB51E /* BackButton.swift */; };
		D93239AD2B32B2BB009DB51E /* BackButton.swift in Sources */ = {isa = PBXBuildFile; fileRef = D93239A72B32B2BB009DB51E /* BackButton.swift */; };
		D93239AF2B32B9E6009DB51E /* GearButton.swift in Sources */ = {isa = PBXBuildFile; fileRef = D93239AE2B32B9E6009DB51E /* GearButton.swift */; };
		D93239B02B32B9E6009DB51E /* GearButton.swift in Sources */ = {isa = PBXBuildFile; fileRef = D93239AE2B32B9E6009DB51E /* GearButton.swift */; };
		D93239B12B32B9E6009DB51E /* GearButton.swift in Sources */ = {isa = PBXBuildFile; fileRef = D93239AE2B32B9E6009DB51E /* GearButton.swift */; };
		D93239B22B32B9E6009DB51E /* GearButton.swift in Sources */ = {isa = PBXBuildFile; fileRef = D93239AE2B32B9E6009DB51E /* GearButton.swift */; };
		D93239B32B32B9E6009DB51E /* GearButton.swift in Sources */ = {isa = PBXBuildFile; fileRef = D93239AE2B32B9E6009DB51E /* GearButton.swift */; };
		D93239B42B32B9E6009DB51E /* GearButton.swift in Sources */ = {isa = PBXBuildFile; fileRef = D93239AE2B32B9E6009DB51E /* GearButton.swift */; };
		D93239B72B32CA0D009DB51E /* ModeSelectVC.swift in Sources */ = {isa = PBXBuildFile; fileRef = D93239B62B32CA0D009DB51E /* ModeSelectVC.swift */; };
		D93239B82B32CA0D009DB51E /* ModeSelectVC.swift in Sources */ = {isa = PBXBuildFile; fileRef = D93239B62B32CA0D009DB51E /* ModeSelectVC.swift */; };
		D93239B92B32CA0D009DB51E /* ModeSelectVC.swift in Sources */ = {isa = PBXBuildFile; fileRef = D93239B62B32CA0D009DB51E /* ModeSelectVC.swift */; };
		D93239BA2B32CA0D009DB51E /* ModeSelectVC.swift in Sources */ = {isa = PBXBuildFile; fileRef = D93239B62B32CA0D009DB51E /* ModeSelectVC.swift */; };
		D93239BB2B32CA0D009DB51E /* ModeSelectVC.swift in Sources */ = {isa = PBXBuildFile; fileRef = D93239B62B32CA0D009DB51E /* ModeSelectVC.swift */; };
		D93239BC2B32CA0D009DB51E /* ModeSelectVC.swift in Sources */ = {isa = PBXBuildFile; fileRef = D93239B62B32CA0D009DB51E /* ModeSelectVC.swift */; };
		D93239C52B36E81F009DB51E /* ClassicVC.swift in Sources */ = {isa = PBXBuildFile; fileRef = D93239C42B36E81F009DB51E /* ClassicVC.swift */; };
		D93239C62B36E81F009DB51E /* ClassicVC.swift in Sources */ = {isa = PBXBuildFile; fileRef = D93239C42B36E81F009DB51E /* ClassicVC.swift */; };
		D93239C72B36E81F009DB51E /* ClassicVC.swift in Sources */ = {isa = PBXBuildFile; fileRef = D93239C42B36E81F009DB51E /* ClassicVC.swift */; };
		D93239C82B36E81F009DB51E /* ClassicVC.swift in Sources */ = {isa = PBXBuildFile; fileRef = D93239C42B36E81F009DB51E /* ClassicVC.swift */; };
		D93239C92B36E81F009DB51E /* ClassicVC.swift in Sources */ = {isa = PBXBuildFile; fileRef = D93239C42B36E81F009DB51E /* ClassicVC.swift */; };
		D93239CA2B36E81F009DB51E /* ClassicVC.swift in Sources */ = {isa = PBXBuildFile; fileRef = D93239C42B36E81F009DB51E /* ClassicVC.swift */; };
		D93239CC2B36E839009DB51E /* BlitzVC.swift in Sources */ = {isa = PBXBuildFile; fileRef = D93239CB2B36E839009DB51E /* BlitzVC.swift */; };
		D93239CD2B36E839009DB51E /* BlitzVC.swift in Sources */ = {isa = PBXBuildFile; fileRef = D93239CB2B36E839009DB51E /* BlitzVC.swift */; };
		D93239CE2B36E839009DB51E /* BlitzVC.swift in Sources */ = {isa = PBXBuildFile; fileRef = D93239CB2B36E839009DB51E /* BlitzVC.swift */; };
		D93239CF2B36E839009DB51E /* BlitzVC.swift in Sources */ = {isa = PBXBuildFile; fileRef = D93239CB2B36E839009DB51E /* BlitzVC.swift */; };
		D93239D02B36E839009DB51E /* BlitzVC.swift in Sources */ = {isa = PBXBuildFile; fileRef = D93239CB2B36E839009DB51E /* BlitzVC.swift */; };
		D93239D12B36E839009DB51E /* BlitzVC.swift in Sources */ = {isa = PBXBuildFile; fileRef = D93239CB2B36E839009DB51E /* BlitzVC.swift */; };
		D93239D32B36E84A009DB51E /* SurvivalVC.swift in Sources */ = {isa = PBXBuildFile; fileRef = D93239D22B36E84A009DB51E /* SurvivalVC.swift */; };
		D93239D42B36E84A009DB51E /* SurvivalVC.swift in Sources */ = {isa = PBXBuildFile; fileRef = D93239D22B36E84A009DB51E /* SurvivalVC.swift */; };
		D93239D52B36E84A009DB51E /* SurvivalVC.swift in Sources */ = {isa = PBXBuildFile; fileRef = D93239D22B36E84A009DB51E /* SurvivalVC.swift */; };
		D93239D62B36E84A009DB51E /* SurvivalVC.swift in Sources */ = {isa = PBXBuildFile; fileRef = D93239D22B36E84A009DB51E /* SurvivalVC.swift */; };
		D93239D72B36E84A009DB51E /* SurvivalVC.swift in Sources */ = {isa = PBXBuildFile; fileRef = D93239D22B36E84A009DB51E /* SurvivalVC.swift */; };
		D93239D82B36E84A009DB51E /* SurvivalVC.swift in Sources */ = {isa = PBXBuildFile; fileRef = D93239D22B36E84A009DB51E /* SurvivalVC.swift */; };
		D93239DA2B36E85B009DB51E /* HangmanVC.swift in Sources */ = {isa = PBXBuildFile; fileRef = D93239D92B36E85B009DB51E /* HangmanVC.swift */; };
		D93239DB2B36E85B009DB51E /* HangmanVC.swift in Sources */ = {isa = PBXBuildFile; fileRef = D93239D92B36E85B009DB51E /* HangmanVC.swift */; };
		D93239DC2B36E85B009DB51E /* HangmanVC.swift in Sources */ = {isa = PBXBuildFile; fileRef = D93239D92B36E85B009DB51E /* HangmanVC.swift */; };
		D93239DD2B36E85B009DB51E /* HangmanVC.swift in Sources */ = {isa = PBXBuildFile; fileRef = D93239D92B36E85B009DB51E /* HangmanVC.swift */; };
		D93239DE2B36E85B009DB51E /* HangmanVC.swift in Sources */ = {isa = PBXBuildFile; fileRef = D93239D92B36E85B009DB51E /* HangmanVC.swift */; };
		D93239DF2B36E85B009DB51E /* HangmanVC.swift in Sources */ = {isa = PBXBuildFile; fileRef = D93239D92B36E85B009DB51E /* HangmanVC.swift */; };
		D952774A2B25AE4C0089B91D /* AppDelegate.swift in Sources */ = {isa = PBXBuildFile; fileRef = D95277492B25AE4C0089B91D /* AppDelegate.swift */; };
		D952774C2B25AE4C0089B91D /* SceneDelegate.swift in Sources */ = {isa = PBXBuildFile; fileRef = D952774B2B25AE4C0089B91D /* SceneDelegate.swift */; };
		D952774E2B25AE4C0089B91D /* HomeVC.swift in Sources */ = {isa = PBXBuildFile; fileRef = D952774D2B25AE4C0089B91D /* HomeVC.swift */; };
		D95277532B25AE4E0089B91D /* Assets.xcassets in Resources */ = {isa = PBXBuildFile; fileRef = D95277522B25AE4E0089B91D /* Assets.xcassets */; };
		D95277562B25AE4E0089B91D /* LaunchScreen.storyboard in Resources */ = {isa = PBXBuildFile; fileRef = D95277542B25AE4E0089B91D /* LaunchScreen.storyboard */; };
		D95277612B25AE4F0089B91D /* Trivia_AppTests.swift in Sources */ = {isa = PBXBuildFile; fileRef = D95277602B25AE4F0089B91D /* Trivia_AppTests.swift */; };
		D952776B2B25AE4F0089B91D /* Trivia_AppUITests.swift in Sources */ = {isa = PBXBuildFile; fileRef = D952776A2B25AE4F0089B91D /* Trivia_AppUITests.swift */; };
		D952776D2B25AE4F0089B91D /* Trivia_AppUITestsLaunchTests.swift in Sources */ = {isa = PBXBuildFile; fileRef = D952776C2B25AE4F0089B91D /* Trivia_AppUITestsLaunchTests.swift */; };
		D952777B2B25AE580089B91D /* HomeVC.swift in Sources */ = {isa = PBXBuildFile; fileRef = D952774D2B25AE4C0089B91D /* HomeVC.swift */; };
		D952777C2B25AE580089B91D /* AppDelegate.swift in Sources */ = {isa = PBXBuildFile; fileRef = D95277492B25AE4C0089B91D /* AppDelegate.swift */; };
		D952777D2B25AE580089B91D /* SceneDelegate.swift in Sources */ = {isa = PBXBuildFile; fileRef = D952774B2B25AE4C0089B91D /* SceneDelegate.swift */; };
		D95277802B25AE580089B91D /* LaunchScreen.storyboard in Resources */ = {isa = PBXBuildFile; fileRef = D95277542B25AE4E0089B91D /* LaunchScreen.storyboard */; };
		D95277812B25AE580089B91D /* Assets.xcassets in Resources */ = {isa = PBXBuildFile; fileRef = D95277522B25AE4E0089B91D /* Assets.xcassets */; };
		D952778E2B25B0190089B91D /* AppConstants.swift in Sources */ = {isa = PBXBuildFile; fileRef = D952778B2B25AFFE0089B91D /* AppConstants.swift */; };
		D95277932B25B2410089B91D /* Extensions.swift in Sources */ = {isa = PBXBuildFile; fileRef = D95277922B25B2410089B91D /* Extensions.swift */; };
		D95277942B25B2410089B91D /* Extensions.swift in Sources */ = {isa = PBXBuildFile; fileRef = D95277922B25B2410089B91D /* Extensions.swift */; };
		D95277952B25B2410089B91D /* Extensions.swift in Sources */ = {isa = PBXBuildFile; fileRef = D95277922B25B2410089B91D /* Extensions.swift */; };
		D95277962B25B2410089B91D /* Extensions.swift in Sources */ = {isa = PBXBuildFile; fileRef = D95277922B25B2410089B91D /* Extensions.swift */; };
		D95277972B25B26B0089B91D /* AppDelegate.swift in Sources */ = {isa = PBXBuildFile; fileRef = D95277492B25AE4C0089B91D /* AppDelegate.swift */; };
		D95277982B25B26B0089B91D /* AppDelegate.swift in Sources */ = {isa = PBXBuildFile; fileRef = D95277492B25AE4C0089B91D /* AppDelegate.swift */; };
		D952779B2B25B3CE0089B91D /* Extensions.swift in Sources */ = {isa = PBXBuildFile; fileRef = D95277922B25B2410089B91D /* Extensions.swift */; };
		D952779C2B25B3CE0089B91D /* HomeVC.swift in Sources */ = {isa = PBXBuildFile; fileRef = D952774D2B25AE4C0089B91D /* HomeVC.swift */; };
		D952779D2B25B3CE0089B91D /* AppDelegate.swift in Sources */ = {isa = PBXBuildFile; fileRef = D95277492B25AE4C0089B91D /* AppDelegate.swift */; };
		D952779E2B25B3CE0089B91D /* SceneDelegate.swift in Sources */ = {isa = PBXBuildFile; fileRef = D952774B2B25AE4C0089B91D /* SceneDelegate.swift */; };
		D95277A22B25B3CE0089B91D /* LaunchScreen.storyboard in Resources */ = {isa = PBXBuildFile; fileRef = D95277542B25AE4E0089B91D /* LaunchScreen.storyboard */; };
		D95277A32B25B3CE0089B91D /* Assets.xcassets in Resources */ = {isa = PBXBuildFile; fileRef = D95277522B25AE4E0089B91D /* Assets.xcassets */; };
		D95277A92B25B5A80089B91D /* AppConstants.swift in Sources */ = {isa = PBXBuildFile; fileRef = D952778F2B25B02E0089B91D /* AppConstants.swift */; };
		D95277AA2B25B5AE0089B91D /* sparkle-trivia.plist in Resources */ = {isa = PBXBuildFile; fileRef = D95277A82B25B3CE0089B91D /* sparkle-trivia.plist */; };
		D95277AB2B25B5CB0089B91D /* po-tay-toes.plist in Resources */ = {isa = PBXBuildFile; fileRef = D95277872B25AE580089B91D /* po-tay-toes.plist */; };
		D95277AD2B25BE4F0089B91D /* README.md in Resources */ = {isa = PBXBuildFile; fileRef = D95277AC2B25BE4F0089B91D /* README.md */; };
		D95277AE2B25BE4F0089B91D /* README.md in Resources */ = {isa = PBXBuildFile; fileRef = D95277AC2B25BE4F0089B91D /* README.md */; };
		D95277AF2B25BE4F0089B91D /* README.md in Resources */ = {isa = PBXBuildFile; fileRef = D95277AC2B25BE4F0089B91D /* README.md */; };
		D95277B02B25BE4F0089B91D /* README.md in Resources */ = {isa = PBXBuildFile; fileRef = D95277AC2B25BE4F0089B91D /* README.md */; };
		D95277B12B25BE4F0089B91D /* README.md in Resources */ = {isa = PBXBuildFile; fileRef = D95277AC2B25BE4F0089B91D /* README.md */; };
		D95277B42B25C03D0089B91D /* Extensions.swift in Sources */ = {isa = PBXBuildFile; fileRef = D95277922B25B2410089B91D /* Extensions.swift */; };
		D95277B62B25C03D0089B91D /* HomeVC.swift in Sources */ = {isa = PBXBuildFile; fileRef = D952774D2B25AE4C0089B91D /* HomeVC.swift */; };
		D95277B72B25C03D0089B91D /* AppDelegate.swift in Sources */ = {isa = PBXBuildFile; fileRef = D95277492B25AE4C0089B91D /* AppDelegate.swift */; };
		D95277B82B25C03D0089B91D /* SceneDelegate.swift in Sources */ = {isa = PBXBuildFile; fileRef = D952774B2B25AE4C0089B91D /* SceneDelegate.swift */; };
		D95277BB2B25C03D0089B91D /* LaunchScreen.storyboard in Resources */ = {isa = PBXBuildFile; fileRef = D95277542B25AE4E0089B91D /* LaunchScreen.storyboard */; };
		D95277BD2B25C03D0089B91D /* README.md in Resources */ = {isa = PBXBuildFile; fileRef = D95277AC2B25BE4F0089B91D /* README.md */; };
		D95277BE2B25C03D0089B91D /* Assets.xcassets in Resources */ = {isa = PBXBuildFile; fileRef = D95277522B25AE4E0089B91D /* Assets.xcassets */; };
		D95277C72B25C1160089B91D /* AppConstants.swift in Sources */ = {isa = PBXBuildFile; fileRef = D95277C62B25C1160089B91D /* AppConstants.swift */; };
		D95277C82B25C2870089B91D /* HomeVC.swift in Sources */ = {isa = PBXBuildFile; fileRef = D952774D2B25AE4C0089B91D /* HomeVC.swift */; };
		D95277C92B25C2880089B91D /* HomeVC.swift in Sources */ = {isa = PBXBuildFile; fileRef = D952774D2B25AE4C0089B91D /* HomeVC.swift */; };
		D95277CB2B25C3920089B91D /* Assets.xcassets in Resources */ = {isa = PBXBuildFile; fileRef = D95277CA2B25C3920089B91D /* Assets.xcassets */; };
		D95277D02B2816BA0089B91D /* smoke1.mp4 in Resources */ = {isa = PBXBuildFile; fileRef = D95277CC2B28162F0089B91D /* smoke1.mp4 */; };
		D95277D12B2816C00089B91D /* smoke.mp4 in Resources */ = {isa = PBXBuildFile; fileRef = D95277CD2B28162F0089B91D /* smoke.mp4 */; };
		D95277D42B28504D0089B91D /* background_music.mp3 in Resources */ = {isa = PBXBuildFile; fileRef = D95277D22B2850470089B91D /* background_music.mp3 */; };
		D9566AA72B3959C300FE356D /* HelpButton.swift in Sources */ = {isa = PBXBuildFile; fileRef = D9566AA62B3959C300FE356D /* HelpButton.swift */; };
		D9566AA82B3959C300FE356D /* HelpButton.swift in Sources */ = {isa = PBXBuildFile; fileRef = D9566AA62B3959C300FE356D /* HelpButton.swift */; };
		D9566AA92B3959C300FE356D /* HelpButton.swift in Sources */ = {isa = PBXBuildFile; fileRef = D9566AA62B3959C300FE356D /* HelpButton.swift */; };
		D9566AAA2B3959C300FE356D /* HelpButton.swift in Sources */ = {isa = PBXBuildFile; fileRef = D9566AA62B3959C300FE356D /* HelpButton.swift */; };
		D9566AAB2B3959C300FE356D /* HelpButton.swift in Sources */ = {isa = PBXBuildFile; fileRef = D9566AA62B3959C300FE356D /* HelpButton.swift */; };
		D9566AAC2B3959C300FE356D /* HelpButton.swift in Sources */ = {isa = PBXBuildFile; fileRef = D9566AA62B3959C300FE356D /* HelpButton.swift */; };
		D9566AB02B39652400FE356D /* Question.swift in Sources */ = {isa = PBXBuildFile; fileRef = D9566AAF2B39652400FE356D /* Question.swift */; };
		D9566AB12B39652400FE356D /* Question.swift in Sources */ = {isa = PBXBuildFile; fileRef = D9566AAF2B39652400FE356D /* Question.swift */; };
		D9566AB22B39652400FE356D /* Question.swift in Sources */ = {isa = PBXBuildFile; fileRef = D9566AAF2B39652400FE356D /* Question.swift */; };
		D9566AB32B39652400FE356D /* Question.swift in Sources */ = {isa = PBXBuildFile; fileRef = D9566AAF2B39652400FE356D /* Question.swift */; };
		D9566AB42B39652400FE356D /* Question.swift in Sources */ = {isa = PBXBuildFile; fileRef = D9566AAF2B39652400FE356D /* Question.swift */; };
		D9566AB52B39652400FE356D /* Question.swift in Sources */ = {isa = PBXBuildFile; fileRef = D9566AAF2B39652400FE356D /* Question.swift */; };
		D9566AB62B39685D00FE356D /* Potions.json in Resources */ = {isa = PBXBuildFile; fileRef = D9566A962B39545700FE356D /* Potions.json */; };
		D9566AB72B39685D00FE356D /* harryPotterSoloQuestions.json in Resources */ = {isa = PBXBuildFile; fileRef = D9566A992B39545700FE356D /* harryPotterSoloQuestions.json */; };
		D9566AB82B39685D00FE356D /* harryPotterTriviaQuestions.json in Resources */ = {isa = PBXBuildFile; fileRef = D9566A9B2B39545800FE356D /* harryPotterTriviaQuestions.json */; };
		D9566AB92B39685D00FE356D /* Characters.json in Resources */ = {isa = PBXBuildFile; fileRef = D9566A922B39545600FE356D /* Characters.json */; };
		D9566ABA2B39685D00FE356D /* Death Eaters.json in Resources */ = {isa = PBXBuildFile; fileRef = D9566A972B39545700FE356D /* Death Eaters.json */; };
		D9566ABB2B39685D00FE356D /* Locations.json in Resources */ = {isa = PBXBuildFile; fileRef = D9566A9A2B39545800FE356D /* Locations.json */; };
		D9566ABC2B39685D00FE356D /* fantasticBeastsQuestions.json in Resources */ = {isa = PBXBuildFile; fileRef = D9566A982B39545700FE356D /* fantasticBeastsQuestions.json */; };
		D9566ABD2B39685D00FE356D /* Magical Beasts.json in Resources */ = {isa = PBXBuildFile; fileRef = D9566A932B39545600FE356D /* Magical Beasts.json */; };
		D9566ABE2B39685D00FE356D /* Spells.json in Resources */ = {isa = PBXBuildFile; fileRef = D9566A942B39545600FE356D /* Spells.json */; };
		D9566ABF2B39685D00FE356D /* Order Members.json in Resources */ = {isa = PBXBuildFile; fileRef = D9566A952B39545700FE356D /* Order Members.json */; };
		D9566AC22B3BF75B00FE356D /* GameButton.swift in Sources */ = {isa = PBXBuildFile; fileRef = D9566AC12B3BF75B00FE356D /* GameButton.swift */; };
		D9566AC42B3BF79300FE356D /* HomeScreenButton.swift in Sources */ = {isa = PBXBuildFile; fileRef = D9566AC32B3BF79300FE356D /* HomeScreenButton.swift */; };
		D9566AC52B3BF81700FE356D /* background_music.mp3 in Resources */ = {isa = PBXBuildFile; fileRef = D95277D22B2850470089B91D /* background_music.mp3 */; };
		D9E473922B3D295D00AAEBFF /* NumberOfQuestionsSelectVC.swift in Sources */ = {isa = PBXBuildFile; fileRef = D9E473912B3D295D00AAEBFF /* NumberOfQuestionsSelectVC.swift */; };
		D9E473932B3D295D00AAEBFF /* NumberOfQuestionsSelectVC.swift in Sources */ = {isa = PBXBuildFile; fileRef = D9E473912B3D295D00AAEBFF /* NumberOfQuestionsSelectVC.swift */; };
		D9E473942B3D295D00AAEBFF /* NumberOfQuestionsSelectVC.swift in Sources */ = {isa = PBXBuildFile; fileRef = D9E473912B3D295D00AAEBFF /* NumberOfQuestionsSelectVC.swift */; };
		D9E473952B3D295D00AAEBFF /* NumberOfQuestionsSelectVC.swift in Sources */ = {isa = PBXBuildFile; fileRef = D9E473912B3D295D00AAEBFF /* NumberOfQuestionsSelectVC.swift */; };
		D9E473962B3D295D00AAEBFF /* NumberOfQuestionsSelectVC.swift in Sources */ = {isa = PBXBuildFile; fileRef = D9E473912B3D295D00AAEBFF /* NumberOfQuestionsSelectVC.swift */; };
		D9E473972B3D295D00AAEBFF /* NumberOfQuestionsSelectVC.swift in Sources */ = {isa = PBXBuildFile; fileRef = D9E473912B3D295D00AAEBFF /* NumberOfQuestionsSelectVC.swift */; };
		D9E473992B43525400AAEBFF /* ExitView.swift in Sources */ = {isa = PBXBuildFile; fileRef = D9E473982B43525400AAEBFF /* ExitView.swift */; };
		D9E4739A2B43525400AAEBFF /* ExitView.swift in Sources */ = {isa = PBXBuildFile; fileRef = D9E473982B43525400AAEBFF /* ExitView.swift */; };
		D9E4739B2B43525400AAEBFF /* ExitView.swift in Sources */ = {isa = PBXBuildFile; fileRef = D9E473982B43525400AAEBFF /* ExitView.swift */; };
		D9E4739C2B43525400AAEBFF /* ExitView.swift in Sources */ = {isa = PBXBuildFile; fileRef = D9E473982B43525400AAEBFF /* ExitView.swift */; };
		D9E4739D2B43525400AAEBFF /* ExitView.swift in Sources */ = {isa = PBXBuildFile; fileRef = D9E473982B43525400AAEBFF /* ExitView.swift */; };
		D9E4739E2B43525400AAEBFF /* ExitView.swift in Sources */ = {isa = PBXBuildFile; fileRef = D9E473982B43525400AAEBFF /* ExitView.swift */; };
/* End PBXBuildFile section */

/* Begin PBXContainerItemProxy section */
		D952775D2B25AE4F0089B91D /* PBXContainerItemProxy */ = {
			isa = PBXContainerItemProxy;
			containerPortal = D952773E2B25AE4B0089B91D /* Project object */;
			proxyType = 1;
			remoteGlobalIDString = D95277452B25AE4C0089B91D;
			remoteInfo = "Trivia App";
		};
		D95277672B25AE4F0089B91D /* PBXContainerItemProxy */ = {
			isa = PBXContainerItemProxy;
			containerPortal = D952773E2B25AE4B0089B91D /* Project object */;
			proxyType = 1;
			remoteGlobalIDString = D95277452B25AE4C0089B91D;
			remoteInfo = "Trivia App";
		};
/* End PBXContainerItemProxy section */

/* Begin PBXFileReference section */
		D91CA7CF2B2C25C400263266 /* GameButton.swift */ = {isa = PBXFileReference; lastKnownFileType = sourcecode.swift; path = GameButton.swift; sourceTree = "<group>"; };
		D91CA7D12B2C275B00263266 /* HARRYP__.TTF */ = {isa = PBXFileReference; lastKnownFileType = file; path = HARRYP__.TTF; sourceTree = "<group>"; };
		D91CA7D32B2DBAFB00263266 /* HomeScreenButton.swift */ = {isa = PBXFileReference; lastKnownFileType = sourcecode.swift; path = HomeScreenButton.swift; sourceTree = "<group>"; };
		D932399F2B32AEC6009DB51E /* SettingsVC.swift */ = {isa = PBXFileReference; lastKnownFileType = sourcecode.swift; path = SettingsVC.swift; sourceTree = "<group>"; };
		D93239A72B32B2BB009DB51E /* BackButton.swift */ = {isa = PBXFileReference; lastKnownFileType = sourcecode.swift; path = BackButton.swift; sourceTree = "<group>"; };
		D93239AE2B32B9E6009DB51E /* GearButton.swift */ = {isa = PBXFileReference; lastKnownFileType = sourcecode.swift; path = GearButton.swift; sourceTree = "<group>"; };
		D93239B62B32CA0D009DB51E /* ModeSelectVC.swift */ = {isa = PBXFileReference; lastKnownFileType = sourcecode.swift; path = ModeSelectVC.swift; sourceTree = "<group>"; };
		D93239C42B36E81F009DB51E /* ClassicVC.swift */ = {isa = PBXFileReference; lastKnownFileType = sourcecode.swift; path = ClassicVC.swift; sourceTree = "<group>"; };
		D93239CB2B36E839009DB51E /* BlitzVC.swift */ = {isa = PBXFileReference; lastKnownFileType = sourcecode.swift; path = BlitzVC.swift; sourceTree = "<group>"; };
		D93239D22B36E84A009DB51E /* SurvivalVC.swift */ = {isa = PBXFileReference; lastKnownFileType = sourcecode.swift; path = SurvivalVC.swift; sourceTree = "<group>"; };
		D93239D92B36E85B009DB51E /* HangmanVC.swift */ = {isa = PBXFileReference; lastKnownFileType = sourcecode.swift; path = HangmanVC.swift; sourceTree = "<group>"; };
		D95277462B25AE4C0089B91D /* Trivia App.app */ = {isa = PBXFileReference; explicitFileType = wrapper.application; includeInIndex = 0; path = "Trivia App.app"; sourceTree = BUILT_PRODUCTS_DIR; };
		D95277492B25AE4C0089B91D /* AppDelegate.swift */ = {isa = PBXFileReference; lastKnownFileType = sourcecode.swift; path = AppDelegate.swift; sourceTree = "<group>"; };
		D952774B2B25AE4C0089B91D /* SceneDelegate.swift */ = {isa = PBXFileReference; lastKnownFileType = sourcecode.swift; path = SceneDelegate.swift; sourceTree = "<group>"; };
		D952774D2B25AE4C0089B91D /* HomeVC.swift */ = {isa = PBXFileReference; lastKnownFileType = sourcecode.swift; path = HomeVC.swift; sourceTree = "<group>"; };
		D95277522B25AE4E0089B91D /* Assets.xcassets */ = {isa = PBXFileReference; lastKnownFileType = folder.assetcatalog; path = Assets.xcassets; sourceTree = "<group>"; };
		D95277552B25AE4E0089B91D /* Base */ = {isa = PBXFileReference; lastKnownFileType = file.storyboard; name = Base; path = Base.lproj/LaunchScreen.storyboard; sourceTree = "<group>"; };
		D95277572B25AE4E0089B91D /* Info.plist */ = {isa = PBXFileReference; lastKnownFileType = text.plist.xml; path = Info.plist; sourceTree = "<group>"; };
		D952775C2B25AE4F0089B91D /* Trivia AppTests.xctest */ = {isa = PBXFileReference; explicitFileType = wrapper.cfbundle; includeInIndex = 0; path = "Trivia AppTests.xctest"; sourceTree = BUILT_PRODUCTS_DIR; };
		D95277602B25AE4F0089B91D /* Trivia_AppTests.swift */ = {isa = PBXFileReference; lastKnownFileType = sourcecode.swift; path = Trivia_AppTests.swift; sourceTree = "<group>"; };
		D95277662B25AE4F0089B91D /* Trivia AppUITests.xctest */ = {isa = PBXFileReference; explicitFileType = wrapper.cfbundle; includeInIndex = 0; path = "Trivia AppUITests.xctest"; sourceTree = BUILT_PRODUCTS_DIR; };
		D952776A2B25AE4F0089B91D /* Trivia_AppUITests.swift */ = {isa = PBXFileReference; lastKnownFileType = sourcecode.swift; path = Trivia_AppUITests.swift; sourceTree = "<group>"; };
		D952776C2B25AE4F0089B91D /* Trivia_AppUITestsLaunchTests.swift */ = {isa = PBXFileReference; lastKnownFileType = sourcecode.swift; path = Trivia_AppUITestsLaunchTests.swift; sourceTree = "<group>"; };
		D95277862B25AE580089B91D /* po-tay-toes.app */ = {isa = PBXFileReference; explicitFileType = wrapper.application; includeInIndex = 0; path = "po-tay-toes.app"; sourceTree = BUILT_PRODUCTS_DIR; };
		D95277872B25AE580089B91D /* po-tay-toes.plist */ = {isa = PBXFileReference; lastKnownFileType = text.plist.xml; name = "po-tay-toes.plist"; path = "/Users/HaroldDavidson/TriviaApp/Trivia App/po-tay-toes.plist"; sourceTree = "<absolute>"; };
		D952778B2B25AFFE0089B91D /* AppConstants.swift */ = {isa = PBXFileReference; lastKnownFileType = sourcecode.swift; path = AppConstants.swift; sourceTree = "<group>"; };
		D952778F2B25B02E0089B91D /* AppConstants.swift */ = {isa = PBXFileReference; lastKnownFileType = sourcecode.swift; path = AppConstants.swift; sourceTree = "<group>"; };
		D95277922B25B2410089B91D /* Extensions.swift */ = {isa = PBXFileReference; lastKnownFileType = sourcecode.swift; path = Extensions.swift; sourceTree = "<group>"; };
		D95277A72B25B3CE0089B91D /* sparkle-trivia.app */ = {isa = PBXFileReference; explicitFileType = wrapper.application; includeInIndex = 0; path = "sparkle-trivia.app"; sourceTree = BUILT_PRODUCTS_DIR; };
		D95277A82B25B3CE0089B91D /* sparkle-trivia.plist */ = {isa = PBXFileReference; lastKnownFileType = text.plist.xml; name = "sparkle-trivia.plist"; path = "/Users/HaroldDavidson/TriviaApp/Trivia App/sparkle-trivia.plist"; sourceTree = "<absolute>"; };
		D95277AC2B25BE4F0089B91D /* README.md */ = {isa = PBXFileReference; lastKnownFileType = net.daringfireball.markdown; path = README.md; sourceTree = "<group>"; };
		D95277C22B25C03D0089B91D /* TriwizardTrivia.app */ = {isa = PBXFileReference; explicitFileType = wrapper.application; includeInIndex = 0; path = TriwizardTrivia.app; sourceTree = BUILT_PRODUCTS_DIR; };
		D95277C32B25C03D0089B91D /* TriwizardTrivia.plist */ = {isa = PBXFileReference; lastKnownFileType = text.plist.xml; name = TriwizardTrivia.plist; path = "/Users/HaroldDavidson/TriviaApp/Trivia App/TriwizardTrivia.plist"; sourceTree = "<absolute>"; };
		D95277C62B25C1160089B91D /* AppConstants.swift */ = {isa = PBXFileReference; lastKnownFileType = sourcecode.swift; path = AppConstants.swift; sourceTree = "<group>"; };
		D95277CA2B25C3920089B91D /* Assets.xcassets */ = {isa = PBXFileReference; lastKnownFileType = folder.assetcatalog; path = Assets.xcassets; sourceTree = "<group>"; };
		D95277CC2B28162F0089B91D /* smoke1.mp4 */ = {isa = PBXFileReference; lastKnownFileType = file; name = smoke1.mp4; path = "/Users/HaroldDavidson/TriviaApp/Trivia App/Trivia App/TriwizardTrivia/smoke1.mp4"; sourceTree = "<absolute>"; };
		D95277CD2B28162F0089B91D /* smoke.mp4 */ = {isa = PBXFileReference; lastKnownFileType = file; name = smoke.mp4; path = "/Users/HaroldDavidson/TriviaApp/Trivia App/Trivia App/TriwizardTrivia/smoke.mp4"; sourceTree = "<absolute>"; };
		D95277D22B2850470089B91D /* background_music.mp3 */ = {isa = PBXFileReference; lastKnownFileType = audio.mp3; path = background_music.mp3; sourceTree = "<group>"; };
		D9566A922B39545600FE356D /* Characters.json */ = {isa = PBXFileReference; fileEncoding = 4; lastKnownFileType = text.json; path = Characters.json; sourceTree = "<group>"; };
		D9566A932B39545600FE356D /* Magical Beasts.json */ = {isa = PBXFileReference; fileEncoding = 4; lastKnownFileType = text.json; path = "Magical Beasts.json"; sourceTree = "<group>"; };
		D9566A942B39545600FE356D /* Spells.json */ = {isa = PBXFileReference; fileEncoding = 4; lastKnownFileType = text.json; path = Spells.json; sourceTree = "<group>"; };
		D9566A952B39545700FE356D /* Order Members.json */ = {isa = PBXFileReference; fileEncoding = 4; lastKnownFileType = text.json; path = "Order Members.json"; sourceTree = "<group>"; };
		D9566A962B39545700FE356D /* Potions.json */ = {isa = PBXFileReference; fileEncoding = 4; lastKnownFileType = text.json; path = Potions.json; sourceTree = "<group>"; };
		D9566A972B39545700FE356D /* Death Eaters.json */ = {isa = PBXFileReference; fileEncoding = 4; lastKnownFileType = text.json; path = "Death Eaters.json"; sourceTree = "<group>"; };
		D9566A982B39545700FE356D /* fantasticBeastsQuestions.json */ = {isa = PBXFileReference; fileEncoding = 4; lastKnownFileType = text.json; path = fantasticBeastsQuestions.json; sourceTree = "<group>"; };
		D9566A992B39545700FE356D /* harryPotterSoloQuestions.json */ = {isa = PBXFileReference; fileEncoding = 4; lastKnownFileType = text.json; path = harryPotterSoloQuestions.json; sourceTree = "<group>"; };
		D9566A9A2B39545800FE356D /* Locations.json */ = {isa = PBXFileReference; fileEncoding = 4; lastKnownFileType = text.json; path = Locations.json; sourceTree = "<group>"; };
		D9566A9B2B39545800FE356D /* harryPotterTriviaQuestions.json */ = {isa = PBXFileReference; fileEncoding = 4; lastKnownFileType = text.json; path = harryPotterTriviaQuestions.json; sourceTree = "<group>"; };
		D9566AA62B3959C300FE356D /* HelpButton.swift */ = {isa = PBXFileReference; lastKnownFileType = sourcecode.swift; path = HelpButton.swift; sourceTree = "<group>"; };
		D9566AAF2B39652400FE356D /* Question.swift */ = {isa = PBXFileReference; lastKnownFileType = sourcecode.swift; path = Question.swift; sourceTree = "<group>"; };
		D9566AC12B3BF75B00FE356D /* GameButton.swift */ = {isa = PBXFileReference; lastKnownFileType = sourcecode.swift; path = GameButton.swift; sourceTree = "<group>"; };
		D9566AC32B3BF79300FE356D /* HomeScreenButton.swift */ = {isa = PBXFileReference; lastKnownFileType = sourcecode.swift; path = HomeScreenButton.swift; sourceTree = "<group>"; };
		D9E473912B3D295D00AAEBFF /* NumberOfQuestionsSelectVC.swift */ = {isa = PBXFileReference; lastKnownFileType = sourcecode.swift; path = NumberOfQuestionsSelectVC.swift; sourceTree = "<group>"; };
		D9E473982B43525400AAEBFF /* ExitView.swift */ = {isa = PBXFileReference; lastKnownFileType = sourcecode.swift; path = ExitView.swift; sourceTree = "<group>"; };
/* End PBXFileReference section */

/* Begin PBXFrameworksBuildPhase section */
		D95277432B25AE4C0089B91D /* Frameworks */ = {
			isa = PBXFrameworksBuildPhase;
			buildActionMask = 2147483647;
			files = (
			);
			runOnlyForDeploymentPostprocessing = 0;
		};
		D95277592B25AE4F0089B91D /* Frameworks */ = {
			isa = PBXFrameworksBuildPhase;
			buildActionMask = 2147483647;
			files = (
			);
			runOnlyForDeploymentPostprocessing = 0;
		};
		D95277632B25AE4F0089B91D /* Frameworks */ = {
			isa = PBXFrameworksBuildPhase;
			buildActionMask = 2147483647;
			files = (
			);
			runOnlyForDeploymentPostprocessing = 0;
		};
		D952777E2B25AE580089B91D /* Frameworks */ = {
			isa = PBXFrameworksBuildPhase;
			buildActionMask = 2147483647;
			files = (
			);
			runOnlyForDeploymentPostprocessing = 0;
		};
		D95277A02B25B3CE0089B91D /* Frameworks */ = {
			isa = PBXFrameworksBuildPhase;
			buildActionMask = 2147483647;
			files = (
			);
			runOnlyForDeploymentPostprocessing = 0;
		};
		D95277B92B25C03D0089B91D /* Frameworks */ = {
			isa = PBXFrameworksBuildPhase;
			buildActionMask = 2147483647;
			files = (
			);
			runOnlyForDeploymentPostprocessing = 0;
		};
/* End PBXFrameworksBuildPhase section */

/* Begin PBXGroup section */
		D91CA7CE2B2C25A400263266 /* Views */ = {
			isa = PBXGroup;
			children = (
				D91CA7CF2B2C25C400263266 /* GameButton.swift */,
				D91CA7D32B2DBAFB00263266 /* HomeScreenButton.swift */,
			);
			path = Views;
			sourceTree = "<group>";
		};
		D93239A62B32B2A4009DB51E /* Views */ = {
			isa = PBXGroup;
			children = (
				D93239A72B32B2BB009DB51E /* BackButton.swift */,
				D93239AE2B32B9E6009DB51E /* GearButton.swift */,
				D9566AA62B3959C300FE356D /* HelpButton.swift */,
				D9E473982B43525400AAEBFF /* ExitView.swift */,
			);
			path = Views;
			sourceTree = "<group>";
		};
		D93239B52B32C9D2009DB51E /* Controllers */ = {
			isa = PBXGroup;
			children = (
				D952774D2B25AE4C0089B91D /* HomeVC.swift */,
				D932399F2B32AEC6009DB51E /* SettingsVC.swift */,
				D93239B62B32CA0D009DB51E /* ModeSelectVC.swift */,
				D93239C42B36E81F009DB51E /* ClassicVC.swift */,
				D93239CB2B36E839009DB51E /* BlitzVC.swift */,
				D93239D22B36E84A009DB51E /* SurvivalVC.swift */,
				D93239D92B36E85B009DB51E /* HangmanVC.swift */,
				D9E473912B3D295D00AAEBFF /* NumberOfQuestionsSelectVC.swift */,
			);
			path = Controllers;
			sourceTree = "<group>";
		};
		D93239E02B3952FA009DB51E /* JSON */ = {
			isa = PBXGroup;
			children = (
				D9566A922B39545600FE356D /* Characters.json */,
				D9566A972B39545700FE356D /* Death Eaters.json */,
				D9566A982B39545700FE356D /* fantasticBeastsQuestions.json */,
				D9566A992B39545700FE356D /* harryPotterSoloQuestions.json */,
				D9566A9B2B39545800FE356D /* harryPotterTriviaQuestions.json */,
				D9566A9A2B39545800FE356D /* Locations.json */,
				D9566A932B39545600FE356D /* Magical Beasts.json */,
				D9566A952B39545700FE356D /* Order Members.json */,
				D9566A962B39545700FE356D /* Potions.json */,
				D9566A942B39545600FE356D /* Spells.json */,
			);
			path = JSON;
			sourceTree = "<group>";
		};
		D952773D2B25AE4B0089B91D = {
			isa = PBXGroup;
			children = (
				D95277482B25AE4C0089B91D /* Trivia App */,
				D952775F2B25AE4F0089B91D /* Trivia AppTests */,
				D95277692B25AE4F0089B91D /* Trivia AppUITests */,
				D95277472B25AE4C0089B91D /* Products */,
			);
			sourceTree = "<group>";
		};
		D95277472B25AE4C0089B91D /* Products */ = {
			isa = PBXGroup;
			children = (
				D95277462B25AE4C0089B91D /* Trivia App.app */,
				D952775C2B25AE4F0089B91D /* Trivia AppTests.xctest */,
				D95277662B25AE4F0089B91D /* Trivia AppUITests.xctest */,
				D95277862B25AE580089B91D /* po-tay-toes.app */,
				D95277A72B25B3CE0089B91D /* sparkle-trivia.app */,
				D95277C22B25C03D0089B91D /* TriwizardTrivia.app */,
			);
			name = Products;
			sourceTree = "<group>";
		};
		D95277482B25AE4C0089B91D /* Trivia App */ = {
			isa = PBXGroup;
			children = (
				D9566AAE2B39651500FE356D /* Models */,
				D93239B52B32C9D2009DB51E /* Controllers */,
				D93239A62B32B2A4009DB51E /* Views */,
				D95277C42B25C0570089B91D /* TriwizardTrivia */,
				D952778D2B25B00F0089B91D /* Sparkle Trivia */,
				D952778A2B25AFED0089B91D /* po-tay-toes */,
				D95277912B25B2210089B91D /* Supporting Files */,
			);
			path = "Trivia App";
			sourceTree = "<group>";
		};
		D952775F2B25AE4F0089B91D /* Trivia AppTests */ = {
			isa = PBXGroup;
			children = (
				D95277602B25AE4F0089B91D /* Trivia_AppTests.swift */,
			);
			path = "Trivia AppTests";
			sourceTree = "<group>";
		};
		D95277692B25AE4F0089B91D /* Trivia AppUITests */ = {
			isa = PBXGroup;
			children = (
				D952776A2B25AE4F0089B91D /* Trivia_AppUITests.swift */,
				D952776C2B25AE4F0089B91D /* Trivia_AppUITestsLaunchTests.swift */,
			);
			path = "Trivia AppUITests";
			sourceTree = "<group>";
		};
		D952778A2B25AFED0089B91D /* po-tay-toes */ = {
			isa = PBXGroup;
			children = (
				D95277872B25AE580089B91D /* po-tay-toes.plist */,
				D952778B2B25AFFE0089B91D /* AppConstants.swift */,
			);
			path = "po-tay-toes";
			sourceTree = "<group>";
		};
		D952778D2B25B00F0089B91D /* Sparkle Trivia */ = {
			isa = PBXGroup;
			children = (
				D9566AC02B3BF72100FE356D /* Views */,
				D952778F2B25B02E0089B91D /* AppConstants.swift */,
				D95277A82B25B3CE0089B91D /* sparkle-trivia.plist */,
			);
			path = "Sparkle Trivia";
			sourceTree = "<group>";
		};
		D95277912B25B2210089B91D /* Supporting Files */ = {
			isa = PBXGroup;
			children = (
				D95277AC2B25BE4F0089B91D /* README.md */,
				D95277922B25B2410089B91D /* Extensions.swift */,
				D95277492B25AE4C0089B91D /* AppDelegate.swift */,
				D952774B2B25AE4C0089B91D /* SceneDelegate.swift */,
				D95277542B25AE4E0089B91D /* LaunchScreen.storyboard */,
				D95277522B25AE4E0089B91D /* Assets.xcassets */,
				D95277572B25AE4E0089B91D /* Info.plist */,
			);
			path = "Supporting Files";
			sourceTree = "<group>";
		};
		D95277C42B25C0570089B91D /* TriwizardTrivia */ = {
			isa = PBXGroup;
			children = (
				D91CA7CE2B2C25A400263266 /* Views */,
				D95277D52B2856F10089B91D /* Supporting FIles */,
				D95277C62B25C1160089B91D /* AppConstants.swift */,
				D95277C32B25C03D0089B91D /* TriwizardTrivia.plist */,
			);
			path = TriwizardTrivia;
			sourceTree = "<group>";
		};
		D95277D52B2856F10089B91D /* Supporting FIles */ = {
			isa = PBXGroup;
			children = (
				D93239E02B3952FA009DB51E /* JSON */,
				D91CA7D12B2C275B00263266 /* HARRYP__.TTF */,
				D95277D22B2850470089B91D /* background_music.mp3 */,
				D95277CD2B28162F0089B91D /* smoke.mp4 */,
				D95277CC2B28162F0089B91D /* smoke1.mp4 */,
				D95277CA2B25C3920089B91D /* Assets.xcassets */,
			);
			path = "Supporting FIles";
			sourceTree = "<group>";
		};
		D9566AAE2B39651500FE356D /* Models */ = {
			isa = PBXGroup;
			children = (
				D9566AAF2B39652400FE356D /* Question.swift */,
			);
			path = Models;
			sourceTree = "<group>";
		};
		D9566AC02B3BF72100FE356D /* Views */ = {
			isa = PBXGroup;
			children = (
				D9566AC12B3BF75B00FE356D /* GameButton.swift */,
				D9566AC32B3BF79300FE356D /* HomeScreenButton.swift */,
			);
			path = Views;
			sourceTree = "<group>";
		};
/* End PBXGroup section */

/* Begin PBXNativeTarget section */
		D95277452B25AE4C0089B91D /* Trivia App */ = {
			isa = PBXNativeTarget;
			buildConfigurationList = D95277702B25AE4F0089B91D /* Build configuration list for PBXNativeTarget "Trivia App" */;
			buildPhases = (
				D95277422B25AE4C0089B91D /* Sources */,
				D95277432B25AE4C0089B91D /* Frameworks */,
				D95277442B25AE4C0089B91D /* Resources */,
			);
			buildRules = (
			);
			dependencies = (
			);
			name = "Trivia App";
			productName = "Trivia App";
			productReference = D95277462B25AE4C0089B91D /* Trivia App.app */;
			productType = "com.apple.product-type.application";
		};
		D952775B2B25AE4F0089B91D /* Trivia AppTests */ = {
			isa = PBXNativeTarget;
			buildConfigurationList = D95277732B25AE4F0089B91D /* Build configuration list for PBXNativeTarget "Trivia AppTests" */;
			buildPhases = (
				D95277582B25AE4F0089B91D /* Sources */,
				D95277592B25AE4F0089B91D /* Frameworks */,
				D952775A2B25AE4F0089B91D /* Resources */,
			);
			buildRules = (
			);
			dependencies = (
				D952775E2B25AE4F0089B91D /* PBXTargetDependency */,
			);
			name = "Trivia AppTests";
			productName = "Trivia AppTests";
			productReference = D952775C2B25AE4F0089B91D /* Trivia AppTests.xctest */;
			productType = "com.apple.product-type.bundle.unit-test";
		};
		D95277652B25AE4F0089B91D /* Trivia AppUITests */ = {
			isa = PBXNativeTarget;
			buildConfigurationList = D95277762B25AE4F0089B91D /* Build configuration list for PBXNativeTarget "Trivia AppUITests" */;
			buildPhases = (
				D95277622B25AE4F0089B91D /* Sources */,
				D95277632B25AE4F0089B91D /* Frameworks */,
				D95277642B25AE4F0089B91D /* Resources */,
			);
			buildRules = (
			);
			dependencies = (
				D95277682B25AE4F0089B91D /* PBXTargetDependency */,
			);
			name = "Trivia AppUITests";
			productName = "Trivia AppUITests";
			productReference = D95277662B25AE4F0089B91D /* Trivia AppUITests.xctest */;
			productType = "com.apple.product-type.bundle.ui-testing";
		};
		D95277792B25AE580089B91D /* po-tay-toes */ = {
			isa = PBXNativeTarget;
			buildConfigurationList = D95277832B25AE580089B91D /* Build configuration list for PBXNativeTarget "po-tay-toes" */;
			buildPhases = (
				D952777A2B25AE580089B91D /* Sources */,
				D952777E2B25AE580089B91D /* Frameworks */,
				D952777F2B25AE580089B91D /* Resources */,
			);
			buildRules = (
			);
			dependencies = (
			);
			name = "po-tay-toes";
			productName = "Trivia App";
			productReference = D95277862B25AE580089B91D /* po-tay-toes.app */;
			productType = "com.apple.product-type.application";
		};
		D95277992B25B3CE0089B91D /* sparkle-trivia */ = {
			isa = PBXNativeTarget;
			buildConfigurationList = D95277A42B25B3CE0089B91D /* Build configuration list for PBXNativeTarget "sparkle-trivia" */;
			buildPhases = (
				D952779A2B25B3CE0089B91D /* Sources */,
				D95277A02B25B3CE0089B91D /* Frameworks */,
				D95277A12B25B3CE0089B91D /* Resources */,
			);
			buildRules = (
			);
			dependencies = (
			);
			name = "sparkle-trivia";
			productName = "Trivia App";
			productReference = D95277A72B25B3CE0089B91D /* sparkle-trivia.app */;
			productType = "com.apple.product-type.application";
		};
		D95277B22B25C03D0089B91D /* TriwizardTrivia */ = {
			isa = PBXNativeTarget;
			buildConfigurationList = D95277BF2B25C03D0089B91D /* Build configuration list for PBXNativeTarget "TriwizardTrivia" */;
			buildPhases = (
				D95277B32B25C03D0089B91D /* Sources */,
				D95277B92B25C03D0089B91D /* Frameworks */,
				D95277BA2B25C03D0089B91D /* Resources */,
			);
			buildRules = (
			);
			dependencies = (
			);
			name = TriwizardTrivia;
			productName = "Trivia App";
			productReference = D95277C22B25C03D0089B91D /* TriwizardTrivia.app */;
			productType = "com.apple.product-type.application";
		};
/* End PBXNativeTarget section */

/* Begin PBXProject section */
		D952773E2B25AE4B0089B91D /* Project object */ = {
			isa = PBXProject;
			attributes = {
				BuildIndependentTargetsInParallel = 1;
				LastSwiftUpdateCheck = 1430;
				LastUpgradeCheck = 1430;
				TargetAttributes = {
					D95277452B25AE4C0089B91D = {
						CreatedOnToolsVersion = 14.3.1;
					};
					D952775B2B25AE4F0089B91D = {
						CreatedOnToolsVersion = 14.3.1;
						TestTargetID = D95277452B25AE4C0089B91D;
					};
					D95277652B25AE4F0089B91D = {
						CreatedOnToolsVersion = 14.3.1;
						TestTargetID = D95277452B25AE4C0089B91D;
					};
				};
			};
			buildConfigurationList = D95277412B25AE4B0089B91D /* Build configuration list for PBXProject "Trivia App" */;
			compatibilityVersion = "Xcode 14.0";
			developmentRegion = en;
			hasScannedForEncodings = 0;
			knownRegions = (
				en,
				Base,
			);
			mainGroup = D952773D2B25AE4B0089B91D;
			productRefGroup = D95277472B25AE4C0089B91D /* Products */;
			projectDirPath = "";
			projectRoot = "";
			targets = (
				D95277452B25AE4C0089B91D /* Trivia App */,
				D952775B2B25AE4F0089B91D /* Trivia AppTests */,
				D95277652B25AE4F0089B91D /* Trivia AppUITests */,
				D95277792B25AE580089B91D /* po-tay-toes */,
				D95277992B25B3CE0089B91D /* sparkle-trivia */,
				D95277B22B25C03D0089B91D /* TriwizardTrivia */,
			);
		};
/* End PBXProject section */

/* Begin PBXResourcesBuildPhase section */
		D95277442B25AE4C0089B91D /* Resources */ = {
			isa = PBXResourcesBuildPhase;
			buildActionMask = 2147483647;
			files = (
				D95277AD2B25BE4F0089B91D /* README.md in Resources */,
				D95277562B25AE4E0089B91D /* LaunchScreen.storyboard in Resources */,
				D95277532B25AE4E0089B91D /* Assets.xcassets in Resources */,
			);
			runOnlyForDeploymentPostprocessing = 0;
		};
		D952775A2B25AE4F0089B91D /* Resources */ = {
			isa = PBXResourcesBuildPhase;
			buildActionMask = 2147483647;
			files = (
				D95277AE2B25BE4F0089B91D /* README.md in Resources */,
			);
			runOnlyForDeploymentPostprocessing = 0;
		};
		D95277642B25AE4F0089B91D /* Resources */ = {
			isa = PBXResourcesBuildPhase;
			buildActionMask = 2147483647;
			files = (
				D95277AF2B25BE4F0089B91D /* README.md in Resources */,
			);
			runOnlyForDeploymentPostprocessing = 0;
		};
		D952777F2B25AE580089B91D /* Resources */ = {
			isa = PBXResourcesBuildPhase;
			buildActionMask = 2147483647;
			files = (
				D95277802B25AE580089B91D /* LaunchScreen.storyboard in Resources */,
				D95277AB2B25B5CB0089B91D /* po-tay-toes.plist in Resources */,
				D95277B02B25BE4F0089B91D /* README.md in Resources */,
				D95277812B25AE580089B91D /* Assets.xcassets in Resources */,
			);
			runOnlyForDeploymentPostprocessing = 0;
		};
		D95277A12B25B3CE0089B91D /* Resources */ = {
			isa = PBXResourcesBuildPhase;
			buildActionMask = 2147483647;
			files = (
				D9566AC52B3BF81700FE356D /* background_music.mp3 in Resources */,
				D95277A22B25B3CE0089B91D /* LaunchScreen.storyboard in Resources */,
				D95277AA2B25B5AE0089B91D /* sparkle-trivia.plist in Resources */,
				D95277B12B25BE4F0089B91D /* README.md in Resources */,
				D95277A32B25B3CE0089B91D /* Assets.xcassets in Resources */,
			);
			runOnlyForDeploymentPostprocessing = 0;
		};
		D95277BA2B25C03D0089B91D /* Resources */ = {
			isa = PBXResourcesBuildPhase;
			buildActionMask = 2147483647;
			files = (
				D95277BB2B25C03D0089B91D /* LaunchScreen.storyboard in Resources */,
				D9566AB72B39685D00FE356D /* harryPotterSoloQuestions.json in Resources */,
				D95277D42B28504D0089B91D /* background_music.mp3 in Resources */,
				D9566AB92B39685D00FE356D /* Characters.json in Resources */,
				D95277BD2B25C03D0089B91D /* README.md in Resources */,
				D95277CB2B25C3920089B91D /* Assets.xcassets in Resources */,
				D9566ABB2B39685D00FE356D /* Locations.json in Resources */,
				D9566AB62B39685D00FE356D /* Potions.json in Resources */,
				D91CA7D22B2C275B00263266 /* HARRYP__.TTF in Resources */,
				D95277D02B2816BA0089B91D /* smoke1.mp4 in Resources */,
				D95277BE2B25C03D0089B91D /* Assets.xcassets in Resources */,
				D9566ABD2B39685D00FE356D /* Magical Beasts.json in Resources */,
				D9566ABE2B39685D00FE356D /* Spells.json in Resources */,
				D95277D12B2816C00089B91D /* smoke.mp4 in Resources */,
				D9566AB82B39685D00FE356D /* harryPotterTriviaQuestions.json in Resources */,
				D9566ABA2B39685D00FE356D /* Death Eaters.json in Resources */,
				D9566ABC2B39685D00FE356D /* fantasticBeastsQuestions.json in Resources */,
				D9566ABF2B39685D00FE356D /* Order Members.json in Resources */,
			);
			runOnlyForDeploymentPostprocessing = 0;
		};
/* End PBXResourcesBuildPhase section */

/* Begin PBXSourcesBuildPhase section */
		D95277422B25AE4C0089B91D /* Sources */ = {
			isa = PBXSourcesBuildPhase;
			buildActionMask = 2147483647;
			files = (
				D952774E2B25AE4C0089B91D /* HomeVC.swift in Sources */,
				D93239C52B36E81F009DB51E /* ClassicVC.swift in Sources */,
				D93239B72B32CA0D009DB51E /* ModeSelectVC.swift in Sources */,
				D952774A2B25AE4C0089B91D /* AppDelegate.swift in Sources */,
				D93239A82B32B2BB009DB51E /* BackButton.swift in Sources */,
				D9566AB02B39652400FE356D /* Question.swift in Sources */,
				D93239D32B36E84A009DB51E /* SurvivalVC.swift in Sources */,
				D952774C2B25AE4C0089B91D /* SceneDelegate.swift in Sources */,
				D93239CC2B36E839009DB51E /* BlitzVC.swift in Sources */,
				D9E473922B3D295D00AAEBFF /* NumberOfQuestionsSelectVC.swift in Sources */,
				D93239AF2B32B9E6009DB51E /* GearButton.swift in Sources */,
				D93239DA2B36E85B009DB51E /* HangmanVC.swift in Sources */,
				D95277932B25B2410089B91D /* Extensions.swift in Sources */,
				D9566AA72B3959C300FE356D /* HelpButton.swift in Sources */,
				D9E473992B43525400AAEBFF /* ExitView.swift in Sources */,
				D93239A02B32AEC6009DB51E /* SettingsVC.swift in Sources */,
			);
			runOnlyForDeploymentPostprocessing = 0;
		};
		D95277582B25AE4F0089B91D /* Sources */ = {
			isa = PBXSourcesBuildPhase;
			buildActionMask = 2147483647;
			files = (
				D95277972B25B26B0089B91D /* AppDelegate.swift in Sources */,
				D93239C62B36E81F009DB51E /* ClassicVC.swift in Sources */,
				D93239B82B32CA0D009DB51E /* ModeSelectVC.swift in Sources */,
				D95277C82B25C2870089B91D /* HomeVC.swift in Sources */,
				D93239A92B32B2BB009DB51E /* BackButton.swift in Sources */,
				D9566AB12B39652400FE356D /* Question.swift in Sources */,
				D93239D42B36E84A009DB51E /* SurvivalVC.swift in Sources */,
				D95277612B25AE4F0089B91D /* Trivia_AppTests.swift in Sources */,
				D93239CD2B36E839009DB51E /* BlitzVC.swift in Sources */,
				D9E473932B3D295D00AAEBFF /* NumberOfQuestionsSelectVC.swift in Sources */,
				D93239B02B32B9E6009DB51E /* GearButton.swift in Sources */,
				D93239DB2B36E85B009DB51E /* HangmanVC.swift in Sources */,
				D95277942B25B2410089B91D /* Extensions.swift in Sources */,
				D9566AA82B3959C300FE356D /* HelpButton.swift in Sources */,
				D9E4739A2B43525400AAEBFF /* ExitView.swift in Sources */,
				D93239A12B32AEC6009DB51E /* SettingsVC.swift in Sources */,
			);
			runOnlyForDeploymentPostprocessing = 0;
		};
		D95277622B25AE4F0089B91D /* Sources */ = {
			isa = PBXSourcesBuildPhase;
			buildActionMask = 2147483647;
			files = (
				D9566AB22B39652400FE356D /* Question.swift in Sources */,
				D93239A22B32AEC6009DB51E /* SettingsVC.swift in Sources */,
				D9E4739B2B43525400AAEBFF /* ExitView.swift in Sources */,
				D95277982B25B26B0089B91D /* AppDelegate.swift in Sources */,
				D93239CE2B36E839009DB51E /* BlitzVC.swift in Sources */,
				D95277C92B25C2880089B91D /* HomeVC.swift in Sources */,
				D93239D52B36E84A009DB51E /* SurvivalVC.swift in Sources */,
				D93239B92B32CA0D009DB51E /* ModeSelectVC.swift in Sources */,
				D952776B2B25AE4F0089B91D /* Trivia_AppUITests.swift in Sources */,
				D93239C72B36E81F009DB51E /* ClassicVC.swift in Sources */,
				D9566AA92B3959C300FE356D /* HelpButton.swift in Sources */,
				D95277952B25B2410089B91D /* Extensions.swift in Sources */,
				D93239DC2B36E85B009DB51E /* HangmanVC.swift in Sources */,
				D9E473942B3D295D00AAEBFF /* NumberOfQuestionsSelectVC.swift in Sources */,
				D93239AA2B32B2BB009DB51E /* BackButton.swift in Sources */,
				D93239B12B32B9E6009DB51E /* GearButton.swift in Sources */,
				D952776D2B25AE4F0089B91D /* Trivia_AppUITestsLaunchTests.swift in Sources */,
			);
			runOnlyForDeploymentPostprocessing = 0;
		};
		D952777A2B25AE580089B91D /* Sources */ = {
			isa = PBXSourcesBuildPhase;
			buildActionMask = 2147483647;
			files = (
				D9566AB32B39652400FE356D /* Question.swift in Sources */,
				D93239A32B32AEC6009DB51E /* SettingsVC.swift in Sources */,
				D9E4739C2B43525400AAEBFF /* ExitView.swift in Sources */,
				D95277962B25B2410089B91D /* Extensions.swift in Sources */,
				D93239CF2B36E839009DB51E /* BlitzVC.swift in Sources */,
				D952777B2B25AE580089B91D /* HomeVC.swift in Sources */,
				D93239D62B36E84A009DB51E /* SurvivalVC.swift in Sources */,
				D93239BA2B32CA0D009DB51E /* ModeSelectVC.swift in Sources */,
				D952777C2B25AE580089B91D /* AppDelegate.swift in Sources */,
				D93239C82B36E81F009DB51E /* ClassicVC.swift in Sources */,
				D9566AAA2B3959C300FE356D /* HelpButton.swift in Sources */,
				D952777D2B25AE580089B91D /* SceneDelegate.swift in Sources */,
				D93239DD2B36E85B009DB51E /* HangmanVC.swift in Sources */,
				D9E473952B3D295D00AAEBFF /* NumberOfQuestionsSelectVC.swift in Sources */,
				D93239AB2B32B2BB009DB51E /* BackButton.swift in Sources */,
				D93239B22B32B9E6009DB51E /* GearButton.swift in Sources */,
				D952778E2B25B0190089B91D /* AppConstants.swift in Sources */,
			);
			runOnlyForDeploymentPostprocessing = 0;
		};
		D952779A2B25B3CE0089B91D /* Sources */ = {
			isa = PBXSourcesBuildPhase;
			buildActionMask = 2147483647;
			files = (
				D9E473962B3D295D00AAEBFF /* NumberOfQuestionsSelectVC.swift in Sources */,
				D9566AB42B39652400FE356D /* Question.swift in Sources */,
				D9566AC42B3BF79300FE356D /* HomeScreenButton.swift in Sources */,
				D9566AC22B3BF75B00FE356D /* GameButton.swift in Sources */,
				D93239A42B32AEC6009DB51E /* SettingsVC.swift in Sources */,
				D952779B2B25B3CE0089B91D /* Extensions.swift in Sources */,
				D93239D02B36E839009DB51E /* BlitzVC.swift in Sources */,
				D95277A92B25B5A80089B91D /* AppConstants.swift in Sources */,
				D93239D72B36E84A009DB51E /* SurvivalVC.swift in Sources */,
				D93239BB2B32CA0D009DB51E /* ModeSelectVC.swift in Sources */,
				D9E4739D2B43525400AAEBFF /* ExitView.swift in Sources */,
				D952779C2B25B3CE0089B91D /* HomeVC.swift in Sources */,
				D93239C92B36E81F009DB51E /* ClassicVC.swift in Sources */,
				D9566AAB2B3959C300FE356D /* HelpButton.swift in Sources */,
				D952779D2B25B3CE0089B91D /* AppDelegate.swift in Sources */,
				D93239DE2B36E85B009DB51E /* HangmanVC.swift in Sources */,
				D93239AC2B32B2BB009DB51E /* BackButton.swift in Sources */,
				D93239B32B32B9E6009DB51E /* GearButton.swift in Sources */,
				D952779E2B25B3CE0089B91D /* SceneDelegate.swift in Sources */,
			);
			runOnlyForDeploymentPostprocessing = 0;
		};
		D95277B32B25C03D0089B91D /* Sources */ = {
			isa = PBXSourcesBuildPhase;
			buildActionMask = 2147483647;
			files = (
				D9E473972B3D295D00AAEBFF /* NumberOfQuestionsSelectVC.swift in Sources */,
				D9566AAC2B3959C300FE356D /* HelpButton.swift in Sources */,
				D93239D82B36E84A009DB51E /* SurvivalVC.swift in Sources */,
				D93239D12B36E839009DB51E /* BlitzVC.swift in Sources */,
				D9566AB52B39652400FE356D /* Question.swift in Sources */,
				D95277B42B25C03D0089B91D /* Extensions.swift in Sources */,
				D93239CA2B36E81F009DB51E /* ClassicVC.swift in Sources */,
				D91CA7D02B2C25C400263266 /* GameButton.swift in Sources */,
				D93239A52B32AEC6009DB51E /* SettingsVC.swift in Sources */,
				D95277B62B25C03D0089B91D /* HomeVC.swift in Sources */,
				D9E4739E2B43525400AAEBFF /* ExitView.swift in Sources */,
				D93239B42B32B9E6009DB51E /* GearButton.swift in Sources */,
				D95277B72B25C03D0089B91D /* AppDelegate.swift in Sources */,
				D93239DF2B36E85B009DB51E /* HangmanVC.swift in Sources */,
				D93239AD2B32B2BB009DB51E /* BackButton.swift in Sources */,
				D91CA7D42B2DBAFB00263266 /* HomeScreenButton.swift in Sources */,
				D95277B82B25C03D0089B91D /* SceneDelegate.swift in Sources */,
				D93239BC2B32CA0D009DB51E /* ModeSelectVC.swift in Sources */,
				D95277C72B25C1160089B91D /* AppConstants.swift in Sources */,
			);
			runOnlyForDeploymentPostprocessing = 0;
		};
/* End PBXSourcesBuildPhase section */

/* Begin PBXTargetDependency section */
		D952775E2B25AE4F0089B91D /* PBXTargetDependency */ = {
			isa = PBXTargetDependency;
			target = D95277452B25AE4C0089B91D /* Trivia App */;
			targetProxy = D952775D2B25AE4F0089B91D /* PBXContainerItemProxy */;
		};
		D95277682B25AE4F0089B91D /* PBXTargetDependency */ = {
			isa = PBXTargetDependency;
			target = D95277452B25AE4C0089B91D /* Trivia App */;
			targetProxy = D95277672B25AE4F0089B91D /* PBXContainerItemProxy */;
		};
/* End PBXTargetDependency section */

/* Begin PBXVariantGroup section */
		D95277542B25AE4E0089B91D /* LaunchScreen.storyboard */ = {
			isa = PBXVariantGroup;
			children = (
				D95277552B25AE4E0089B91D /* Base */,
			);
			name = LaunchScreen.storyboard;
			sourceTree = "<group>";
		};
/* End PBXVariantGroup section */

/* Begin XCBuildConfiguration section */
		D952776E2B25AE4F0089B91D /* Debug */ = {
			isa = XCBuildConfiguration;
			buildSettings = {
				ALWAYS_SEARCH_USER_PATHS = NO;
				CLANG_ANALYZER_NONNULL = YES;
				CLANG_ANALYZER_NUMBER_OBJECT_CONVERSION = YES_AGGRESSIVE;
				CLANG_CXX_LANGUAGE_STANDARD = "gnu++20";
				CLANG_ENABLE_MODULES = YES;
				CLANG_ENABLE_OBJC_ARC = YES;
				CLANG_ENABLE_OBJC_WEAK = YES;
				CLANG_WARN_BLOCK_CAPTURE_AUTORELEASING = YES;
				CLANG_WARN_BOOL_CONVERSION = YES;
				CLANG_WARN_COMMA = YES;
				CLANG_WARN_CONSTANT_CONVERSION = YES;
				CLANG_WARN_DEPRECATED_OBJC_IMPLEMENTATIONS = YES;
				CLANG_WARN_DIRECT_OBJC_ISA_USAGE = YES_ERROR;
				CLANG_WARN_DOCUMENTATION_COMMENTS = YES;
				CLANG_WARN_EMPTY_BODY = YES;
				CLANG_WARN_ENUM_CONVERSION = YES;
				CLANG_WARN_INFINITE_RECURSION = YES;
				CLANG_WARN_INT_CONVERSION = YES;
				CLANG_WARN_NON_LITERAL_NULL_CONVERSION = YES;
				CLANG_WARN_OBJC_IMPLICIT_RETAIN_SELF = YES;
				CLANG_WARN_OBJC_LITERAL_CONVERSION = YES;
				CLANG_WARN_OBJC_ROOT_CLASS = YES_ERROR;
				CLANG_WARN_QUOTED_INCLUDE_IN_FRAMEWORK_HEADER = YES;
				CLANG_WARN_RANGE_LOOP_ANALYSIS = YES;
				CLANG_WARN_STRICT_PROTOTYPES = YES;
				CLANG_WARN_SUSPICIOUS_MOVE = YES;
				CLANG_WARN_UNGUARDED_AVAILABILITY = YES_AGGRESSIVE;
				CLANG_WARN_UNREACHABLE_CODE = YES;
				CLANG_WARN__DUPLICATE_METHOD_MATCH = YES;
				COPY_PHASE_STRIP = NO;
				DEBUG_INFORMATION_FORMAT = dwarf;
				ENABLE_STRICT_OBJC_MSGSEND = YES;
				ENABLE_TESTABILITY = YES;
				GCC_C_LANGUAGE_STANDARD = gnu11;
				GCC_DYNAMIC_NO_PIC = NO;
				GCC_NO_COMMON_BLOCKS = YES;
				GCC_OPTIMIZATION_LEVEL = 0;
				GCC_PREPROCESSOR_DEFINITIONS = (
					"DEBUG=1",
					"$(inherited)",
				);
				GCC_WARN_64_TO_32_BIT_CONVERSION = YES;
				GCC_WARN_ABOUT_RETURN_TYPE = YES_ERROR;
				GCC_WARN_UNDECLARED_SELECTOR = YES;
				GCC_WARN_UNINITIALIZED_AUTOS = YES_AGGRESSIVE;
				GCC_WARN_UNUSED_FUNCTION = YES;
				GCC_WARN_UNUSED_VARIABLE = YES;
				IPHONEOS_DEPLOYMENT_TARGET = 15.0;
				MTL_ENABLE_DEBUG_INFO = INCLUDE_SOURCE;
				MTL_FAST_MATH = YES;
				ONLY_ACTIVE_ARCH = YES;
				SDKROOT = iphoneos;
				SWIFT_ACTIVE_COMPILATION_CONDITIONS = DEBUG;
				SWIFT_OPTIMIZATION_LEVEL = "-Onone";
			};
			name = Debug;
		};
		D952776F2B25AE4F0089B91D /* Release */ = {
			isa = XCBuildConfiguration;
			buildSettings = {
				ALWAYS_SEARCH_USER_PATHS = NO;
				CLANG_ANALYZER_NONNULL = YES;
				CLANG_ANALYZER_NUMBER_OBJECT_CONVERSION = YES_AGGRESSIVE;
				CLANG_CXX_LANGUAGE_STANDARD = "gnu++20";
				CLANG_ENABLE_MODULES = YES;
				CLANG_ENABLE_OBJC_ARC = YES;
				CLANG_ENABLE_OBJC_WEAK = YES;
				CLANG_WARN_BLOCK_CAPTURE_AUTORELEASING = YES;
				CLANG_WARN_BOOL_CONVERSION = YES;
				CLANG_WARN_COMMA = YES;
				CLANG_WARN_CONSTANT_CONVERSION = YES;
				CLANG_WARN_DEPRECATED_OBJC_IMPLEMENTATIONS = YES;
				CLANG_WARN_DIRECT_OBJC_ISA_USAGE = YES_ERROR;
				CLANG_WARN_DOCUMENTATION_COMMENTS = YES;
				CLANG_WARN_EMPTY_BODY = YES;
				CLANG_WARN_ENUM_CONVERSION = YES;
				CLANG_WARN_INFINITE_RECURSION = YES;
				CLANG_WARN_INT_CONVERSION = YES;
				CLANG_WARN_NON_LITERAL_NULL_CONVERSION = YES;
				CLANG_WARN_OBJC_IMPLICIT_RETAIN_SELF = YES;
				CLANG_WARN_OBJC_LITERAL_CONVERSION = YES;
				CLANG_WARN_OBJC_ROOT_CLASS = YES_ERROR;
				CLANG_WARN_QUOTED_INCLUDE_IN_FRAMEWORK_HEADER = YES;
				CLANG_WARN_RANGE_LOOP_ANALYSIS = YES;
				CLANG_WARN_STRICT_PROTOTYPES = YES;
				CLANG_WARN_SUSPICIOUS_MOVE = YES;
				CLANG_WARN_UNGUARDED_AVAILABILITY = YES_AGGRESSIVE;
				CLANG_WARN_UNREACHABLE_CODE = YES;
				CLANG_WARN__DUPLICATE_METHOD_MATCH = YES;
				COPY_PHASE_STRIP = NO;
				DEBUG_INFORMATION_FORMAT = "dwarf-with-dsym";
				ENABLE_NS_ASSERTIONS = NO;
				ENABLE_STRICT_OBJC_MSGSEND = YES;
				GCC_C_LANGUAGE_STANDARD = gnu11;
				GCC_NO_COMMON_BLOCKS = YES;
				GCC_WARN_64_TO_32_BIT_CONVERSION = YES;
				GCC_WARN_ABOUT_RETURN_TYPE = YES_ERROR;
				GCC_WARN_UNDECLARED_SELECTOR = YES;
				GCC_WARN_UNINITIALIZED_AUTOS = YES_AGGRESSIVE;
				GCC_WARN_UNUSED_FUNCTION = YES;
				GCC_WARN_UNUSED_VARIABLE = YES;
				IPHONEOS_DEPLOYMENT_TARGET = 15.0;
				MTL_ENABLE_DEBUG_INFO = NO;
				MTL_FAST_MATH = YES;
				SDKROOT = iphoneos;
				SWIFT_COMPILATION_MODE = wholemodule;
				SWIFT_OPTIMIZATION_LEVEL = "-O";
				VALIDATE_PRODUCT = YES;
			};
			name = Release;
		};
		D95277712B25AE4F0089B91D /* Debug */ = {
			isa = XCBuildConfiguration;
			buildSettings = {
				ASSETCATALOG_COMPILER_APPICON_NAME = AppIcon;
				ASSETCATALOG_COMPILER_GLOBAL_ACCENT_COLOR_NAME = AccentColor;
				CODE_SIGN_STYLE = Automatic;
				CURRENT_PROJECT_VERSION = 1;
				DEVELOPMENT_TEAM = 464PVQ34ND;
				GENERATE_INFOPLIST_FILE = YES;
				INFOPLIST_FILE = "Trivia App/TriwizardTrivia/Info.plist";
				INFOPLIST_KEY_UIApplicationSupportsIndirectInputEvents = YES;
				INFOPLIST_KEY_UILaunchStoryboardName = LaunchScreen;
				INFOPLIST_KEY_UISupportedInterfaceOrientations_iPad = "UIInterfaceOrientationPortrait UIInterfaceOrientationPortraitUpsideDown UIInterfaceOrientationLandscapeLeft UIInterfaceOrientationLandscapeRight";
				INFOPLIST_KEY_UISupportedInterfaceOrientations_iPhone = "UIInterfaceOrientationPortrait UIInterfaceOrientationLandscapeLeft UIInterfaceOrientationLandscapeRight";
				LD_RUNPATH_SEARCH_PATHS = (
					"$(inherited)",
					"@executable_path/Frameworks",
				);
				MARKETING_VERSION = 1.0;
				PRODUCT_BUNDLE_IDENTIFIER = "com.harolddavidson.Trivia-App";
				PRODUCT_NAME = "$(TARGET_NAME)";
				SWIFT_EMIT_LOC_STRINGS = YES;
				SWIFT_VERSION = 5.0;
				TARGETED_DEVICE_FAMILY = "1,2";
			};
			name = Debug;
		};
		D95277722B25AE4F0089B91D /* Release */ = {
			isa = XCBuildConfiguration;
			buildSettings = {
				ASSETCATALOG_COMPILER_APPICON_NAME = AppIcon;
				ASSETCATALOG_COMPILER_GLOBAL_ACCENT_COLOR_NAME = AccentColor;
				CODE_SIGN_STYLE = Automatic;
				CURRENT_PROJECT_VERSION = 1;
				DEVELOPMENT_TEAM = 464PVQ34ND;
				GENERATE_INFOPLIST_FILE = YES;
				INFOPLIST_FILE = "Trivia App/TriwizardTrivia/Info.plist";
				INFOPLIST_KEY_UIApplicationSupportsIndirectInputEvents = YES;
				INFOPLIST_KEY_UILaunchStoryboardName = LaunchScreen;
				INFOPLIST_KEY_UISupportedInterfaceOrientations_iPad = "UIInterfaceOrientationPortrait UIInterfaceOrientationPortraitUpsideDown UIInterfaceOrientationLandscapeLeft UIInterfaceOrientationLandscapeRight";
				INFOPLIST_KEY_UISupportedInterfaceOrientations_iPhone = "UIInterfaceOrientationPortrait UIInterfaceOrientationLandscapeLeft UIInterfaceOrientationLandscapeRight";
				LD_RUNPATH_SEARCH_PATHS = (
					"$(inherited)",
					"@executable_path/Frameworks",
				);
				MARKETING_VERSION = 1.0;
				PRODUCT_BUNDLE_IDENTIFIER = "com.harolddavidson.Trivia-App";
				PRODUCT_NAME = "$(TARGET_NAME)";
				SWIFT_EMIT_LOC_STRINGS = YES;
				SWIFT_VERSION = 5.0;
				TARGETED_DEVICE_FAMILY = "1,2";
			};
			name = Release;
		};
		D95277742B25AE4F0089B91D /* Debug */ = {
			isa = XCBuildConfiguration;
			buildSettings = {
				ALWAYS_EMBED_SWIFT_STANDARD_LIBRARIES = YES;
				BUNDLE_LOADER = "$(TEST_HOST)";
				CODE_SIGN_STYLE = Automatic;
				CURRENT_PROJECT_VERSION = 1;
				DEVELOPMENT_TEAM = 464PVQ34ND;
				GENERATE_INFOPLIST_FILE = YES;
				IPHONEOS_DEPLOYMENT_TARGET = 16.4;
				MARKETING_VERSION = 1.0;
				PRODUCT_BUNDLE_IDENTIFIER = "com.harolddavidson.Trivia-AppTests";
				PRODUCT_NAME = "$(TARGET_NAME)";
				SWIFT_EMIT_LOC_STRINGS = NO;
				SWIFT_VERSION = 5.0;
				TARGETED_DEVICE_FAMILY = "1,2";
				TEST_HOST = "$(BUILT_PRODUCTS_DIR)/Trivia App.app/$(BUNDLE_EXECUTABLE_FOLDER_PATH)/Trivia App";
			};
			name = Debug;
		};
		D95277752B25AE4F0089B91D /* Release */ = {
			isa = XCBuildConfiguration;
			buildSettings = {
				ALWAYS_EMBED_SWIFT_STANDARD_LIBRARIES = YES;
				BUNDLE_LOADER = "$(TEST_HOST)";
				CODE_SIGN_STYLE = Automatic;
				CURRENT_PROJECT_VERSION = 1;
				DEVELOPMENT_TEAM = 464PVQ34ND;
				GENERATE_INFOPLIST_FILE = YES;
				IPHONEOS_DEPLOYMENT_TARGET = 16.4;
				MARKETING_VERSION = 1.0;
				PRODUCT_BUNDLE_IDENTIFIER = "com.harolddavidson.Trivia-AppTests";
				PRODUCT_NAME = "$(TARGET_NAME)";
				SWIFT_EMIT_LOC_STRINGS = NO;
				SWIFT_VERSION = 5.0;
				TARGETED_DEVICE_FAMILY = "1,2";
				TEST_HOST = "$(BUILT_PRODUCTS_DIR)/Trivia App.app/$(BUNDLE_EXECUTABLE_FOLDER_PATH)/Trivia App";
			};
			name = Release;
		};
		D95277772B25AE4F0089B91D /* Debug */ = {
			isa = XCBuildConfiguration;
			buildSettings = {
				ALWAYS_EMBED_SWIFT_STANDARD_LIBRARIES = YES;
				CODE_SIGN_STYLE = Automatic;
				CURRENT_PROJECT_VERSION = 1;
				DEVELOPMENT_TEAM = 464PVQ34ND;
				GENERATE_INFOPLIST_FILE = YES;
				MARKETING_VERSION = 1.0;
				PRODUCT_BUNDLE_IDENTIFIER = "com.harolddavidson.Trivia-AppUITests";
				PRODUCT_NAME = "$(TARGET_NAME)";
				SWIFT_EMIT_LOC_STRINGS = NO;
				SWIFT_VERSION = 5.0;
				TARGETED_DEVICE_FAMILY = "1,2";
				TEST_TARGET_NAME = "Trivia App";
			};
			name = Debug;
		};
		D95277782B25AE4F0089B91D /* Release */ = {
			isa = XCBuildConfiguration;
			buildSettings = {
				ALWAYS_EMBED_SWIFT_STANDARD_LIBRARIES = YES;
				CODE_SIGN_STYLE = Automatic;
				CURRENT_PROJECT_VERSION = 1;
				DEVELOPMENT_TEAM = 464PVQ34ND;
				GENERATE_INFOPLIST_FILE = YES;
				MARKETING_VERSION = 1.0;
				PRODUCT_BUNDLE_IDENTIFIER = "com.harolddavidson.Trivia-AppUITests";
				PRODUCT_NAME = "$(TARGET_NAME)";
				SWIFT_EMIT_LOC_STRINGS = NO;
				SWIFT_VERSION = 5.0;
				TARGETED_DEVICE_FAMILY = "1,2";
				TEST_TARGET_NAME = "Trivia App";
			};
			name = Release;
		};
		D95277842B25AE580089B91D /* Debug */ = {
			isa = XCBuildConfiguration;
			buildSettings = {
				ASSETCATALOG_COMPILER_APPICON_NAME = AppIcon;
				ASSETCATALOG_COMPILER_GLOBAL_ACCENT_COLOR_NAME = AccentColor;
				CODE_SIGN_STYLE = Automatic;
				CURRENT_PROJECT_VERSION = 1;
				DEVELOPMENT_TEAM = 464PVQ34ND;
				GENERATE_INFOPLIST_FILE = YES;
				INFOPLIST_FILE = "po-tay-toes.plist";
				INFOPLIST_KEY_UIApplicationSupportsIndirectInputEvents = YES;
				INFOPLIST_KEY_UILaunchStoryboardName = LaunchScreen;
				INFOPLIST_KEY_UISupportedInterfaceOrientations_iPad = "UIInterfaceOrientationPortrait UIInterfaceOrientationPortraitUpsideDown UIInterfaceOrientationLandscapeLeft UIInterfaceOrientationLandscapeRight";
				INFOPLIST_KEY_UISupportedInterfaceOrientations_iPhone = "UIInterfaceOrientationPortrait UIInterfaceOrientationLandscapeLeft UIInterfaceOrientationLandscapeRight";
				LD_RUNPATH_SEARCH_PATHS = (
					"$(inherited)",
					"@executable_path/Frameworks",
				);
				MARKETING_VERSION = 1.0;
				OTHER_SWIFT_FLAGS = "";
				PRODUCT_BUNDLE_IDENTIFIER = "com.harolddavidson.po-tay-toes";
				PRODUCT_NAME = "$(TARGET_NAME)";
				SWIFT_EMIT_LOC_STRINGS = YES;
				SWIFT_VERSION = 5.0;
				TARGETED_DEVICE_FAMILY = "1,2";
			};
			name = Debug;
		};
		D95277852B25AE580089B91D /* Release */ = {
			isa = XCBuildConfiguration;
			buildSettings = {
				ASSETCATALOG_COMPILER_APPICON_NAME = AppIcon;
				ASSETCATALOG_COMPILER_GLOBAL_ACCENT_COLOR_NAME = AccentColor;
				CODE_SIGN_STYLE = Automatic;
				CURRENT_PROJECT_VERSION = 1;
				DEVELOPMENT_TEAM = 464PVQ34ND;
				GENERATE_INFOPLIST_FILE = YES;
				INFOPLIST_FILE = "po-tay-toes.plist";
				INFOPLIST_KEY_UIApplicationSupportsIndirectInputEvents = YES;
				INFOPLIST_KEY_UILaunchStoryboardName = LaunchScreen;
				INFOPLIST_KEY_UISupportedInterfaceOrientations_iPad = "UIInterfaceOrientationPortrait UIInterfaceOrientationPortraitUpsideDown UIInterfaceOrientationLandscapeLeft UIInterfaceOrientationLandscapeRight";
				INFOPLIST_KEY_UISupportedInterfaceOrientations_iPhone = "UIInterfaceOrientationPortrait UIInterfaceOrientationLandscapeLeft UIInterfaceOrientationLandscapeRight";
				LD_RUNPATH_SEARCH_PATHS = (
					"$(inherited)",
					"@executable_path/Frameworks",
				);
				MARKETING_VERSION = 1.0;
				OTHER_SWIFT_FLAGS = "";
				PRODUCT_BUNDLE_IDENTIFIER = "com.harolddavidson.po-tay-toes";
				PRODUCT_NAME = "$(TARGET_NAME)";
				SWIFT_EMIT_LOC_STRINGS = YES;
				SWIFT_VERSION = 5.0;
				TARGETED_DEVICE_FAMILY = "1,2";
			};
			name = Release;
		};
		D95277A52B25B3CE0089B91D /* Debug */ = {
			isa = XCBuildConfiguration;
			buildSettings = {
				ASSETCATALOG_COMPILER_APPICON_NAME = AppIcon;
				ASSETCATALOG_COMPILER_GLOBAL_ACCENT_COLOR_NAME = AccentColor;
				CODE_SIGN_STYLE = Automatic;
				CURRENT_PROJECT_VERSION = 1;
				DEVELOPMENT_TEAM = 464PVQ34ND;
				GENERATE_INFOPLIST_FILE = YES;
				INFOPLIST_FILE = "sparkle-trivia.plist";
				INFOPLIST_KEY_UIApplicationSupportsIndirectInputEvents = YES;
				INFOPLIST_KEY_UILaunchStoryboardName = LaunchScreen;
				INFOPLIST_KEY_UISupportedInterfaceOrientations_iPad = "UIInterfaceOrientationPortrait UIInterfaceOrientationPortraitUpsideDown UIInterfaceOrientationLandscapeLeft UIInterfaceOrientationLandscapeRight";
				INFOPLIST_KEY_UISupportedInterfaceOrientations_iPhone = "UIInterfaceOrientationPortrait UIInterfaceOrientationLandscapeLeft UIInterfaceOrientationLandscapeRight";
				LD_RUNPATH_SEARCH_PATHS = (
					"$(inherited)",
					"@executable_path/Frameworks",
				);
				MARKETING_VERSION = 1.0;
				OTHER_SWIFT_FLAGS = "";
				PRODUCT_BUNDLE_IDENTIFIER = "com.harolddavidson.sparkle-trivia";
				PRODUCT_NAME = "$(TARGET_NAME)";
				SWIFT_EMIT_LOC_STRINGS = YES;
				SWIFT_VERSION = 5.0;
				TARGETED_DEVICE_FAMILY = "1,2";
			};
			name = Debug;
		};
		D95277A62B25B3CE0089B91D /* Release */ = {
			isa = XCBuildConfiguration;
			buildSettings = {
				ASSETCATALOG_COMPILER_APPICON_NAME = AppIcon;
				ASSETCATALOG_COMPILER_GLOBAL_ACCENT_COLOR_NAME = AccentColor;
				CODE_SIGN_STYLE = Automatic;
				CURRENT_PROJECT_VERSION = 1;
				DEVELOPMENT_TEAM = 464PVQ34ND;
				GENERATE_INFOPLIST_FILE = YES;
				INFOPLIST_FILE = "sparkle-trivia.plist";
				INFOPLIST_KEY_UIApplicationSupportsIndirectInputEvents = YES;
				INFOPLIST_KEY_UILaunchStoryboardName = LaunchScreen;
				INFOPLIST_KEY_UISupportedInterfaceOrientations_iPad = "UIInterfaceOrientationPortrait UIInterfaceOrientationPortraitUpsideDown UIInterfaceOrientationLandscapeLeft UIInterfaceOrientationLandscapeRight";
				INFOPLIST_KEY_UISupportedInterfaceOrientations_iPhone = "UIInterfaceOrientationPortrait UIInterfaceOrientationLandscapeLeft UIInterfaceOrientationLandscapeRight";
				LD_RUNPATH_SEARCH_PATHS = (
					"$(inherited)",
					"@executable_path/Frameworks",
				);
				MARKETING_VERSION = 1.0;
				OTHER_SWIFT_FLAGS = "";
				PRODUCT_BUNDLE_IDENTIFIER = "com.harolddavidson.sparkle-trivia";
				PRODUCT_NAME = "$(TARGET_NAME)";
				SWIFT_EMIT_LOC_STRINGS = YES;
				SWIFT_VERSION = 5.0;
				TARGETED_DEVICE_FAMILY = "1,2";
			};
			name = Release;
		};
		D95277C02B25C03D0089B91D /* Debug */ = {
			isa = XCBuildConfiguration;
			buildSettings = {
				ASSETCATALOG_COMPILER_APPICON_NAME = AppIcon;
				ASSETCATALOG_COMPILER_GLOBAL_ACCENT_COLOR_NAME = AccentColor;
				CODE_SIGN_STYLE = Automatic;
				CURRENT_PROJECT_VERSION = 1;
				DEVELOPMENT_TEAM = 464PVQ34ND;
				GENERATE_INFOPLIST_FILE = YES;
				INFOPLIST_FILE = TriwizardTrivia.plist;
				INFOPLIST_KEY_UIApplicationSupportsIndirectInputEvents = YES;
				INFOPLIST_KEY_UILaunchStoryboardName = LaunchScreen;
				INFOPLIST_KEY_UIRequiresFullScreen = YES;
				INFOPLIST_KEY_UISupportedInterfaceOrientations = UIInterfaceOrientationPortrait;
				LD_RUNPATH_SEARCH_PATHS = (
					"$(inherited)",
					"@executable_path/Frameworks",
				);
				MARKETING_VERSION = 1.0;
				OTHER_SWIFT_FLAGS = "";
				PRODUCT_BUNDLE_IDENTIFIER = com.harolddavidson.TriwizardTrivia;
				PRODUCT_NAME = "$(TARGET_NAME)";
				SWIFT_EMIT_LOC_STRINGS = YES;
				SWIFT_VERSION = 5.0;
				TARGETED_DEVICE_FAMILY = "1,2";
			};
			name = Debug;
		};
		D95277C12B25C03D0089B91D /* Release */ = {
			isa = XCBuildConfiguration;
			buildSettings = {
				ASSETCATALOG_COMPILER_APPICON_NAME = AppIcon;
				ASSETCATALOG_COMPILER_GLOBAL_ACCENT_COLOR_NAME = AccentColor;
				CODE_SIGN_STYLE = Automatic;
				CURRENT_PROJECT_VERSION = 1;
				DEVELOPMENT_TEAM = 464PVQ34ND;
				GENERATE_INFOPLIST_FILE = YES;
				INFOPLIST_FILE = TriwizardTrivia.plist;
				INFOPLIST_KEY_UIApplicationSupportsIndirectInputEvents = YES;
				INFOPLIST_KEY_UILaunchStoryboardName = LaunchScreen;
				INFOPLIST_KEY_UIRequiresFullScreen = YES;
				INFOPLIST_KEY_UISupportedInterfaceOrientations = UIInterfaceOrientationPortrait;
				LD_RUNPATH_SEARCH_PATHS = (
					"$(inherited)",
					"@executable_path/Frameworks",
				);
				MARKETING_VERSION = 1.0;
				OTHER_SWIFT_FLAGS = "";
				PRODUCT_BUNDLE_IDENTIFIER = com.harolddavidson.TriwizardTrivia;
				PRODUCT_NAME = "$(TARGET_NAME)";
				SWIFT_EMIT_LOC_STRINGS = YES;
				SWIFT_VERSION = 5.0;
				TARGETED_DEVICE_FAMILY = "1,2";
			};
			name = Release;
		};
/* End XCBuildConfiguration section */

/* Begin XCConfigurationList section */
		D95277412B25AE4B0089B91D /* Build configuration list for PBXProject "Trivia App" */ = {
			isa = XCConfigurationList;
			buildConfigurations = (
				D952776E2B25AE4F0089B91D /* Debug */,
				D952776F2B25AE4F0089B91D /* Release */,
			);
			defaultConfigurationIsVisible = 0;
			defaultConfigurationName = Release;
		};
		D95277702B25AE4F0089B91D /* Build configuration list for PBXNativeTarget "Trivia App" */ = {
			isa = XCConfigurationList;
			buildConfigurations = (
				D95277712B25AE4F0089B91D /* Debug */,
				D95277722B25AE4F0089B91D /* Release */,
			);
			defaultConfigurationIsVisible = 0;
			defaultConfigurationName = Release;
		};
		D95277732B25AE4F0089B91D /* Build configuration list for PBXNativeTarget "Trivia AppTests" */ = {
			isa = XCConfigurationList;
			buildConfigurations = (
				D95277742B25AE4F0089B91D /* Debug */,
				D95277752B25AE4F0089B91D /* Release */,
			);
			defaultConfigurationIsVisible = 0;
			defaultConfigurationName = Release;
		};
		D95277762B25AE4F0089B91D /* Build configuration list for PBXNativeTarget "Trivia AppUITests" */ = {
			isa = XCConfigurationList;
			buildConfigurations = (
				D95277772B25AE4F0089B91D /* Debug */,
				D95277782B25AE4F0089B91D /* Release */,
			);
			defaultConfigurationIsVisible = 0;
			defaultConfigurationName = Release;
		};
		D95277832B25AE580089B91D /* Build configuration list for PBXNativeTarget "po-tay-toes" */ = {
			isa = XCConfigurationList;
			buildConfigurations = (
				D95277842B25AE580089B91D /* Debug */,
				D95277852B25AE580089B91D /* Release */,
			);
			defaultConfigurationIsVisible = 0;
			defaultConfigurationName = Release;
		};
		D95277A42B25B3CE0089B91D /* Build configuration list for PBXNativeTarget "sparkle-trivia" */ = {
			isa = XCConfigurationList;
			buildConfigurations = (
				D95277A52B25B3CE0089B91D /* Debug */,
				D95277A62B25B3CE0089B91D /* Release */,
			);
			defaultConfigurationIsVisible = 0;
			defaultConfigurationName = Release;
		};
		D95277BF2B25C03D0089B91D /* Build configuration list for PBXNativeTarget "TriwizardTrivia" */ = {
			isa = XCConfigurationList;
			buildConfigurations = (
				D95277C02B25C03D0089B91D /* Debug */,
				D95277C12B25C03D0089B91D /* Release */,
			);
			defaultConfigurationIsVisible = 0;
			defaultConfigurationName = Release;
		};
/* End XCConfigurationList section */
	};
	rootObject = D952773E2B25AE4B0089B91D /* Project object */;
}
